<?xml version="1.0" encoding="utf-8"?>
<Project ToolsVersion="4.0" xmlns="http://schemas.microsoft.com/developer/msbuild/2003">
  <ItemGroup>
    <Filter Include="Source Files">
      <UniqueIdentifier>{ece55fdd-14d9-4620-9dc7-f91843471c3b}</UniqueIdentifier>
    </Filter>
    <Filter Include="Source Files\Game">
      <UniqueIdentifier>{696f03f5-a62b-4821-bef3-026f04a3da00}</UniqueIdentifier>
    </Filter>
    <Filter Include="Source Files\Game\Object">
      <UniqueIdentifier>{5cfa7672-eb0c-49c5-8fd3-2bd92d9edd98}</UniqueIdentifier>
    </Filter>
    <Filter Include="Source Files\GL">
      <UniqueIdentifier>{2c708764-ff5f-4419-a134-81332fb8f5e5}</UniqueIdentifier>
    </Filter>
    <Filter Include="Source Files\GL\Shader">
      <UniqueIdentifier>{d2c8033f-498d-4c11-b9f4-1ce3b1f1c461}</UniqueIdentifier>
    </Filter>
    <Filter Include="Source Files\GL\Texture">
      <UniqueIdentifier>{aa6cd0b8-32b0-4b8c-9da5-8c09bea67b39}</UniqueIdentifier>
    </Filter>
  </ItemGroup>
  <ItemGroup>
    <ClCompile Include="src\main.cpp">
      <Filter>Source Files</Filter>
    </ClCompile>
    <ClCompile Include="src\pch.cpp">
      <Filter>Source Files</Filter>
    </ClCompile>
    <ClCompile Include="src\game.cpp">
      <Filter>Source Files\Game</Filter>
    </ClCompile>
    <ClCompile Include="src\glfw-manager.cpp">
      <Filter>Source Files</Filter>
    </ClCompile>
    <ClCompile Include="src\shader.cpp">
      <Filter>Source Files\GL\Shader</Filter>
    </ClCompile>
    <ClCompile Include="src\glad.c">
      <Filter>Source Files</Filter>
    </ClCompile>
    <ClCompile Include="src\texture.cpp">
      <Filter>Source Files\GL\Texture</Filter>
    </ClCompile>
  </ItemGroup>
  <ItemGroup>
    <ClInclude Include="src\pch.h">
      <Filter>Source Files</Filter>
    </ClInclude>
    <ClInclude Include="src\game.h">
      <Filter>Source Files\Game</Filter>
    </ClInclude>
    <ClInclude Include="src\glfw-manager.h">
      <Filter>Source Files</Filter>
    </ClInclude>
    <ClInclude Include="src\shader.h">
      <Filter>Source Files\GL\Shader</Filter>
    </ClInclude>
    <ClInclude Include="src\object.h">
      <Filter>Source Files\Game\Object</Filter>
    </ClInclude>
    <ClInclude Include="src\camera.h">
      <Filter>Source Files\GL</Filter>
    </ClInclude>
    <ClInclude Include="src\chunk.h">
      <Filter>Source Files\Game\Object</Filter>
    </ClInclude>
    <ClInclude Include="src\basic-lighting-shader.h">
      <Filter>Source Files\GL\Shader</Filter>
    </ClInclude>
    <ClInclude Include="src\light.h">
      <Filter>Source Files\GL</Filter>
    </ClInclude>
    <ClInclude Include="src\render-info.h">
      <Filter>Source Files\Game</Filter>
    </ClInclude>
    <ClInclude Include="src\camera-control.h">
      <Filter>Source Files\GL</Filter>
    </ClInclude>
    <ClInclude Include="src\texture.h">
      <Filter>Source Files\GL\Texture</Filter>
    </ClInclude>
    <ClInclude Include="src\model.h">
      <Filter>Source Files\GL</Filter>
    </ClInclude>
  </ItemGroup>
</Project>