<?xml version="1.0" encoding="utf-8"?>
<Project ToolsVersion="4.0" xmlns="http://schemas.microsoft.com/developer/msbuild/2003">
  <ItemGroup>
    <Filter Include="Source Files">
      <UniqueIdentifier>{ece55fdd-14d9-4620-9dc7-f91843471c3b}</UniqueIdentifier>
    </Filter>
    <Filter Include="Source Files\Game">
      <UniqueIdentifier>{696f03f5-a62b-4821-bef3-026f04a3da00}</UniqueIdentifier>
    </Filter>
    <Filter Include="Source Files\GL">
      <UniqueIdentifier>{2c708764-ff5f-4419-a134-81332fb8f5e5}</UniqueIdentifier>
    </Filter>
    <Filter Include="Source Files\Util">
      <UniqueIdentifier>{1adc8297-7dce-4aa3-89d9-507f29131fab}</UniqueIdentifier>
    </Filter>
    <Filter Include="Source Files\Game\Shaders">
      <UniqueIdentifier>{91197a1b-cede-4892-aebf-8704fa53039b}</UniqueIdentifier>
    </Filter>
    <Filter Include="Source Files\Game\Chunk">
      <UniqueIdentifier>{a9585936-b4b4-409a-b8fd-8be3e7c0a9cb}</UniqueIdentifier>
    </Filter>
    <Filter Include="Source Files\Game\Entity">
      <UniqueIdentifier>{5cfa7672-eb0c-49c5-8fd3-2bd92d9edd98}</UniqueIdentifier>
    </Filter>
    <Filter Include="Source Files\Game\Entity\Entities">
      <UniqueIdentifier>{e977e0fc-2b92-47a8-9511-94b4edad02ba}</UniqueIdentifier>
    </Filter>
    <Filter Include="Source Files\Game\Object">
      <UniqueIdentifier>{26f13a82-66f9-4ddc-81e6-1062048609f6}</UniqueIdentifier>
    </Filter>
  </ItemGroup>
  <ItemGroup>
    <ClCompile Include="src\main.cpp">
      <Filter>Source Files</Filter>
    </ClCompile>
    <ClCompile Include="src\pch.cpp">
      <Filter>Source Files</Filter>
    </ClCompile>
    <ClCompile Include="src\game.cpp">
      <Filter>Source Files\Game</Filter>
    </ClCompile>
    <ClCompile Include="src\glfw-manager.cpp">
      <Filter>Source Files</Filter>
    </ClCompile>
    <ClCompile Include="src\glad.c">
      <Filter>Source Files</Filter>
    </ClCompile>
    <ClCompile Include="src\phong-shader.cpp">
      <Filter>Source Files\Game\Shaders</Filter>
    </ClCompile>
    <ClCompile Include="src\shader.cpp">
      <Filter>Source Files\GL</Filter>
    </ClCompile>
    <ClCompile Include="src\texture.cpp">
      <Filter>Source Files\GL</Filter>
    </ClCompile>
    <ClCompile Include="src\skybox-shader.cpp">
      <Filter>Source Files\Game\Shaders</Filter>
    </ClCompile>
    <ClCompile Include="src\perlin-noise.cpp">
      <Filter>Source Files\Util</Filter>
    </ClCompile>
    <ClCompile Include="src\debug-shader.cpp">
      <Filter>Source Files\Game\Shaders</Filter>
    </ClCompile>
    <ClCompile Include="src\thread-pool.cpp">
      <Filter>Source Files\Util</Filter>
    </ClCompile>
    <ClCompile Include="src\math.cpp">
      <Filter>Source Files\Util</Filter>
    </ClCompile>
    <ClCompile Include="src\lightning-shader.cpp">
      <Filter>Source Files\Game\Shaders</Filter>
    </ClCompile>
  </ItemGroup>
  <ItemGroup>
    <ClInclude Include="src\pch.h">
      <Filter>Source Files</Filter>
    </ClInclude>
    <ClInclude Include="src\game.h">
      <Filter>Source Files\Game</Filter>
    </ClInclude>
    <ClInclude Include="src\glfw-manager.h">
      <Filter>Source Files</Filter>
    </ClInclude>
    <ClInclude Include="src\entity.h">
      <Filter>Source Files\Game\Entity</Filter>
    </ClInclude>
    <ClInclude Include="src\camera.h">
      <Filter>Source Files\GL</Filter>
    </ClInclude>
    <ClInclude Include="src\light.h">
      <Filter>Source Files\GL</Filter>
    </ClInclude>
    <ClInclude Include="src\model.h">
      <Filter>Source Files\GL</Filter>
    </ClInclude>
    <ClInclude Include="src\file.h">
      <Filter>Source Files\Util</Filter>
    </ClInclude>
    <ClInclude Include="src\phong-shader.h">
      <Filter>Source Files\Game\Shaders</Filter>
    </ClInclude>
    <ClInclude Include="src\shader.h">
      <Filter>Source Files\GL</Filter>
    </ClInclude>
    <ClInclude Include="src\texture.h">
      <Filter>Source Files\GL</Filter>
    </ClInclude>
    <ClInclude Include="src\skybox-shader.h">
      <Filter>Source Files\Game\Shaders</Filter>
    </ClInclude>
    <ClInclude Include="src\perlin-noise.h">
      <Filter>Source Files\Util</Filter>
    </ClInclude>
    <ClInclude Include="src\chunk-manager.h">
      <Filter>Source Files\Game\Chunk</Filter>
    </ClInclude>
    <ClInclude Include="src\chunk.h">
      <Filter>Source Files\Game\Chunk</Filter>
    </ClInclude>
    <ClInclude Include="src\chunk-collider.h">
      <Filter>Source Files\Game\Chunk</Filter>
    </ClInclude>
    <ClInclude Include="src\object.h">
      <Filter>Source Files\Game\Object</Filter>
    </ClInclude>
    <ClInclude Include="src\debug-render.h">
      <Filter>Source Files\Game</Filter>
    </ClInclude>
    <ClInclude Include="src\debug-shader.h">
      <Filter>Source Files\Game\Shaders</Filter>
    </ClInclude>
    <ClInclude Include="src\thread-pool.h">
      <Filter>Source Files\Util</Filter>
    </ClInclude>
    <ClInclude Include="src\object-controller.h">
      <Filter>Source Files\Game\Object</Filter>
    </ClInclude>
    <ClInclude Include="src\ray.h">
      <Filter>Source Files\GL</Filter>
    </ClInclude>
    <ClInclude Include="src\math.h">
      <Filter>Source Files\Util</Filter>
    </ClInclude>
    <ClInclude Include="src\lightning-shader.h">
      <Filter>Source Files\Game\Shaders</Filter>
    </ClInclude>
    <ClInclude Include="src\skybox.h">
      <Filter>Source Files\Game\Entity\Entities</Filter>
    </ClInclude>
    <ClInclude Include="src\lightning.h">
      <Filter>Source Files\Game\Entity\Entities</Filter>
    </ClInclude>
  </ItemGroup>
</Project>